
Microsoft Visual Studio Solution File, Format Version 12.00
# Visual Studio 15
VisualStudioVersion = 15.0.26730.16
MinimumVisualStudioVersion = 10.0.40219.1
Project("{3509FA56-3B69-4017-88D1-3C70D67D8588}") = "LA-CALC-2.2", "LA-CALC-2.2\LA-CALC-2.2.qdexproj", "{7E49C356-0BA9-42F2-94AE-71F774D0BE2E}"
EndProject
Global
	GlobalSection(SolutionConfigurationPlatforms) = preSolution
		Debug|Any CPU = Debug|Any CPU
		Release|Any CPU = Release|Any CPU
	EndGlobalSection
	GlobalSection(ProjectConfigurationPlatforms) = postSolution
		{7E49C356-0BA9-42F2-94AE-71F774D0BE2E}.Debug|Any CPU.ActiveCfg = Debug|Any CPU
		{7E49C356-0BA9-42F2-94AE-71F774D0BE2E}.Debug|Any CPU.Build.0 = Debug|Any CPU
		{7E49C356-0BA9-42F2-94AE-71F774D0BE2E}.Release|Any CPU.ActiveCfg = Release|Any CPU
		{7E49C356-0BA9-42F2-94AE-71F774D0BE2E}.Release|Any CPU.Build.0 = Release|Any CPU
	EndGlobalSection
	GlobalSection(SolutionProperties) = preSolution
		HideSolutionNode = FALSE
	EndGlobalSection
	GlobalSection(ExtensibilityGlobals) = postSolution
		SolutionGuid = {0A342D22-7B7C-4BF1-AEE6-EA33CC589C97}
	EndGlobalSection
EndGlobal
