
Microsoft Visual Studio Solution File, Format Version 12.00
# Visual Studio 14
VisualStudioVersion = 14.0.25420.1
MinimumVisualStudioVersion = 10.0.40219.1
Project("{3509FA56-3B69-4017-88D1-3C70D67D8588}") = "VerletIntegrationTest", "VerletIntegrationTest\VerletIntegrationTest.qdexproj", "{40042D77-486B-4E77-BCCA-0AD318966590}"
EndProject
Global
	GlobalSection(SolutionConfigurationPlatforms) = preSolution
		Debug|Any CPU = Debug|Any CPU
		Release|Any CPU = Release|Any CPU
	EndGlobalSection
	GlobalSection(ProjectConfigurationPlatforms) = postSolution
		{40042D77-486B-4E77-BCCA-0AD318966590}.Debug|Any CPU.ActiveCfg = Debug|Any CPU
		{40042D77-486B-4E77-BCCA-0AD318966590}.Debug|Any CPU.Build.0 = Debug|Any CPU
		{40042D77-486B-4E77-BCCA-0AD318966590}.Release|Any CPU.ActiveCfg = Release|Any CPU
		{40042D77-486B-4E77-BCCA-0AD318966590}.Release|Any CPU.Build.0 = Release|Any CPU
	EndGlobalSection
	GlobalSection(SolutionProperties) = preSolution
		HideSolutionNode = FALSE
	EndGlobalSection
EndGlobal
