
Microsoft Visual Studio Solution File, Format Version 12.00
# Visual Studio 15
VisualStudioVersion = 15.0.26730.16
MinimumVisualStudioVersion = 10.0.40219.1
Project("{3509FA56-3B69-4017-88D1-3C70D67D8588}") = "LA-CALC-1.1 Introduction to Differential Calc", "LA-CALC-1.1 Introduction to Differential Calc\LA-CALC-1.1 Introduction to Differential Calc.qdexproj", "{89CBCEE3-62F3-48FF-B869-07E009D02069}"
EndProject
Global
	GlobalSection(SolutionConfigurationPlatforms) = preSolution
		Debug|Any CPU = Debug|Any CPU
		Release|Any CPU = Release|Any CPU
	EndGlobalSection
	GlobalSection(ProjectConfigurationPlatforms) = postSolution
		{89CBCEE3-62F3-48FF-B869-07E009D02069}.Debug|Any CPU.ActiveCfg = Debug|Any CPU
		{89CBCEE3-62F3-48FF-B869-07E009D02069}.Debug|Any CPU.Build.0 = Debug|Any CPU
		{89CBCEE3-62F3-48FF-B869-07E009D02069}.Release|Any CPU.ActiveCfg = Release|Any CPU
		{89CBCEE3-62F3-48FF-B869-07E009D02069}.Release|Any CPU.Build.0 = Release|Any CPU
	EndGlobalSection
	GlobalSection(SolutionProperties) = preSolution
		HideSolutionNode = FALSE
	EndGlobalSection
	GlobalSection(ExtensibilityGlobals) = postSolution
		SolutionGuid = {DAF9B5A2-4B91-4211-869E-8321739642A9}
	EndGlobalSection
EndGlobal
