
Microsoft Visual Studio Solution File, Format Version 12.00
# Visual Studio 15
VisualStudioVersion = 15.0.26430.16
MinimumVisualStudioVersion = 10.0.40219.1
Project("{3509FA56-3B69-4017-88D1-3C70D67D8588}") = "1.10", "1.11\1.10.qdexproj", "{5F3898BF-0AD6-4E7A-A34C-8C33F64613E7}"
EndProject
Project("{3509FA56-3B69-4017-88D1-3C70D67D8588}") = "2.4", "2.4\2.4.qdexproj", "{9865F3C8-E2E6-48F9-BA74-798A99E06F00}"
EndProject
Project("{3509FA56-3B69-4017-88D1-3C70D67D8588}") = "2.2", "2.2\2.2.qdexproj", "{6CB150FC-D07C-4C07-8145-678BC343FF45}"
EndProject
Project("{3509FA56-3B69-4017-88D1-3C70D67D8588}") = "1.6", "1.6\1.6.qdexproj", "{5EE21847-4ECC-4EEC-BC84-15D38F1E707C}"
EndProject
Project("{3509FA56-3B69-4017-88D1-3C70D67D8588}") = "2.3", "2.3\2.3.qdexproj", "{14AB7C60-7725-4D14-8B89-C6B41760B117}"
EndProject
Project("{3509FA56-3B69-4017-88D1-3C70D67D8588}") = "2.5", "2.5\2.5.qdexproj", "{45AC6486-CB12-42F5-A00E-1A83F078C484}"
EndProject
Project("{3509FA56-3B69-4017-88D1-3C70D67D8588}") = "2.8", "2.8\2.8.qdexproj", "{576D9DFC-C03E-4D91-A45D-A6D9AB884E06}"
EndProject
Global
	GlobalSection(SolutionConfigurationPlatforms) = preSolution
		Debug|Any CPU = Debug|Any CPU
		Release|Any CPU = Release|Any CPU
	EndGlobalSection
	GlobalSection(ProjectConfigurationPlatforms) = postSolution
		{5F3898BF-0AD6-4E7A-A34C-8C33F64613E7}.Debug|Any CPU.ActiveCfg = Debug|Any CPU
		{5F3898BF-0AD6-4E7A-A34C-8C33F64613E7}.Debug|Any CPU.Build.0 = Debug|Any CPU
		{5F3898BF-0AD6-4E7A-A34C-8C33F64613E7}.Release|Any CPU.ActiveCfg = Release|Any CPU
		{5F3898BF-0AD6-4E7A-A34C-8C33F64613E7}.Release|Any CPU.Build.0 = Release|Any CPU
		{9865F3C8-E2E6-48F9-BA74-798A99E06F00}.Debug|Any CPU.ActiveCfg = Debug|Any CPU
		{9865F3C8-E2E6-48F9-BA74-798A99E06F00}.Debug|Any CPU.Build.0 = Debug|Any CPU
		{9865F3C8-E2E6-48F9-BA74-798A99E06F00}.Release|Any CPU.ActiveCfg = Release|Any CPU
		{9865F3C8-E2E6-48F9-BA74-798A99E06F00}.Release|Any CPU.Build.0 = Release|Any CPU
		{6CB150FC-D07C-4C07-8145-678BC343FF45}.Debug|Any CPU.ActiveCfg = Debug|Any CPU
		{6CB150FC-D07C-4C07-8145-678BC343FF45}.Debug|Any CPU.Build.0 = Debug|Any CPU
		{6CB150FC-D07C-4C07-8145-678BC343FF45}.Release|Any CPU.ActiveCfg = Release|Any CPU
		{6CB150FC-D07C-4C07-8145-678BC343FF45}.Release|Any CPU.Build.0 = Release|Any CPU
		{5EE21847-4ECC-4EEC-BC84-15D38F1E707C}.Debug|Any CPU.ActiveCfg = Debug|Any CPU
		{5EE21847-4ECC-4EEC-BC84-15D38F1E707C}.Debug|Any CPU.Build.0 = Debug|Any CPU
		{5EE21847-4ECC-4EEC-BC84-15D38F1E707C}.Release|Any CPU.ActiveCfg = Release|Any CPU
		{5EE21847-4ECC-4EEC-BC84-15D38F1E707C}.Release|Any CPU.Build.0 = Release|Any CPU
		{14AB7C60-7725-4D14-8B89-C6B41760B117}.Debug|Any CPU.ActiveCfg = Debug|Any CPU
		{14AB7C60-7725-4D14-8B89-C6B41760B117}.Debug|Any CPU.Build.0 = Debug|Any CPU
		{14AB7C60-7725-4D14-8B89-C6B41760B117}.Release|Any CPU.ActiveCfg = Release|Any CPU
		{14AB7C60-7725-4D14-8B89-C6B41760B117}.Release|Any CPU.Build.0 = Release|Any CPU
		{45AC6486-CB12-42F5-A00E-1A83F078C484}.Debug|Any CPU.ActiveCfg = Debug|Any CPU
		{45AC6486-CB12-42F5-A00E-1A83F078C484}.Debug|Any CPU.Build.0 = Debug|Any CPU
		{45AC6486-CB12-42F5-A00E-1A83F078C484}.Release|Any CPU.ActiveCfg = Release|Any CPU
		{45AC6486-CB12-42F5-A00E-1A83F078C484}.Release|Any CPU.Build.0 = Release|Any CPU
		{576D9DFC-C03E-4D91-A45D-A6D9AB884E06}.Debug|Any CPU.ActiveCfg = Debug|Any CPU
		{576D9DFC-C03E-4D91-A45D-A6D9AB884E06}.Debug|Any CPU.Build.0 = Debug|Any CPU
		{576D9DFC-C03E-4D91-A45D-A6D9AB884E06}.Release|Any CPU.ActiveCfg = Release|Any CPU
		{576D9DFC-C03E-4D91-A45D-A6D9AB884E06}.Release|Any CPU.Build.0 = Release|Any CPU
	EndGlobalSection
	GlobalSection(SolutionProperties) = preSolution
		HideSolutionNode = FALSE
	EndGlobalSection
EndGlobal
