
Microsoft Visual Studio Solution File, Format Version 12.00
# Visual Studio 14
VisualStudioVersion = 14.0.25420.1
MinimumVisualStudioVersion = 10.0.40219.1
Project("{3509FA56-3B69-4017-88D1-3C70D67D8588}") = "RadicalPlotter_Aanand", "RadicalPlotter_Aanand\RadicalPlotter_Aanand.qdexproj", "{2A859C41-FF39-4751-A39D-022CF77982A1}"
EndProject
Global
	GlobalSection(SolutionConfigurationPlatforms) = preSolution
		Debug|Any CPU = Debug|Any CPU
		Release|Any CPU = Release|Any CPU
	EndGlobalSection
	GlobalSection(ProjectConfigurationPlatforms) = postSolution
		{2A859C41-FF39-4751-A39D-022CF77982A1}.Debug|Any CPU.ActiveCfg = Debug|Any CPU
		{2A859C41-FF39-4751-A39D-022CF77982A1}.Debug|Any CPU.Build.0 = Debug|Any CPU
		{2A859C41-FF39-4751-A39D-022CF77982A1}.Release|Any CPU.ActiveCfg = Release|Any CPU
		{2A859C41-FF39-4751-A39D-022CF77982A1}.Release|Any CPU.Build.0 = Release|Any CPU
	EndGlobalSection
	GlobalSection(SolutionProperties) = preSolution
		HideSolutionNode = FALSE
	EndGlobalSection
EndGlobal
