
Microsoft Visual Studio Solution File, Format Version 12.00
# Visual Studio 15
VisualStudioVersion = 15.0.26730.16
MinimumVisualStudioVersion = 10.0.40219.1
Project("{3509FA56-3B69-4017-88D1-3C70D67D8588}") = "1.6 Slope of Tangent", "1.6 Slope of Tangent\1.6 Slope of Tangent.qdexproj", "{1FBCFA3A-662B-4E9D-B52B-09CBB5C799A5}"
EndProject
Global
	GlobalSection(SolutionConfigurationPlatforms) = preSolution
		Debug|Any CPU = Debug|Any CPU
		Release|Any CPU = Release|Any CPU
	EndGlobalSection
	GlobalSection(ProjectConfigurationPlatforms) = postSolution
		{1FBCFA3A-662B-4E9D-B52B-09CBB5C799A5}.Debug|Any CPU.ActiveCfg = Debug|Any CPU
		{1FBCFA3A-662B-4E9D-B52B-09CBB5C799A5}.Debug|Any CPU.Build.0 = Debug|Any CPU
		{1FBCFA3A-662B-4E9D-B52B-09CBB5C799A5}.Release|Any CPU.ActiveCfg = Release|Any CPU
		{1FBCFA3A-662B-4E9D-B52B-09CBB5C799A5}.Release|Any CPU.Build.0 = Release|Any CPU
	EndGlobalSection
	GlobalSection(SolutionProperties) = preSolution
		HideSolutionNode = FALSE
	EndGlobalSection
	GlobalSection(ExtensibilityGlobals) = postSolution
		SolutionGuid = {F04710CE-44BE-41A9-AA51-091C19294778}
	EndGlobalSection
EndGlobal
