
Microsoft Visual Studio Solution File, Format Version 12.00
# Visual Studio 15
VisualStudioVersion = 15.0.27130.2024
MinimumVisualStudioVersion = 10.0.40219.1
Project("{3509FA56-3B69-4017-88D1-3C70D67D8588}") = "NUM-8.1-Solving Algebraic Eq", "NUM-8.1-Solving Algebraic Eq\NUM-8.1-Solving Algebraic Eq.qdexproj", "{2903D1F9-4CAD-49BC-8334-2F1F3F0C35CF}"
EndProject
Global
	GlobalSection(SolutionConfigurationPlatforms) = preSolution
		Debug|Any CPU = Debug|Any CPU
		Release|Any CPU = Release|Any CPU
	EndGlobalSection
	GlobalSection(ProjectConfigurationPlatforms) = postSolution
		{2903D1F9-4CAD-49BC-8334-2F1F3F0C35CF}.Debug|Any CPU.ActiveCfg = Debug|Any CPU
		{2903D1F9-4CAD-49BC-8334-2F1F3F0C35CF}.Debug|Any CPU.Build.0 = Debug|Any CPU
		{2903D1F9-4CAD-49BC-8334-2F1F3F0C35CF}.Release|Any CPU.ActiveCfg = Release|Any CPU
		{2903D1F9-4CAD-49BC-8334-2F1F3F0C35CF}.Release|Any CPU.Build.0 = Release|Any CPU
	EndGlobalSection
	GlobalSection(SolutionProperties) = preSolution
		HideSolutionNode = FALSE
	EndGlobalSection
	GlobalSection(ExtensibilityGlobals) = postSolution
		SolutionGuid = {5E12F054-6EB0-4EB6-87C1-5C02F5FC5FAD}
	EndGlobalSection
EndGlobal
