
Microsoft Visual Studio Solution File, Format Version 12.00
# Visual Studio 15
VisualStudioVersion = 15.0.26430.16
MinimumVisualStudioVersion = 10.0.40219.1
Project("{3509FA56-3B69-4017-88D1-3C70D67D8588}") = "1.1", "1.1\1.1.qdexproj", "{47CEA3B8-C832-4B78-87C2-67CB96225338}"
EndProject
Project("{3509FA56-3B69-4017-88D1-3C70D67D8588}") = "1.2", "1.2\1.2.qdexproj", "{9AADEBB7-3ACC-4547-956F-E3D507026D55}"
EndProject
Project("{3509FA56-3B69-4017-88D1-3C70D67D8588}") = "1.3", "1.3\1.3.qdexproj", "{C787D762-C9EC-4DFB-8DB4-F800A8661AA8}"
EndProject
Project("{3509FA56-3B69-4017-88D1-3C70D67D8588}") = "1.4", "1.4\1.4.qdexproj", "{265F8402-1D5C-47A8-93DE-A7C26891A25E}"
EndProject
Project("{3509FA56-3B69-4017-88D1-3C70D67D8588}") = "1.5", "1.5\1.5.qdexproj", "{DF3C173C-CF3F-4802-9ACA-59088C5CAD5A}"
EndProject
Project("{3509FA56-3B69-4017-88D1-3C70D67D8588}") = "1.6", "1.6\1.6.qdexproj", "{6E8EEEC7-2B29-4E56-8DE0-1E5F2CEE4E6A}"
EndProject
Project("{3509FA56-3B69-4017-88D1-3C70D67D8588}") = "1.7", "1.7\1.7.qdexproj", "{1BC831E9-450C-4458-861F-4EC1D9D4E25A}"
EndProject
Project("{3509FA56-3B69-4017-88D1-3C70D67D8588}") = "1.8", "1.8\1.8.qdexproj", "{A3081A25-FA20-4542-8C8C-589047FB4A9B}"
EndProject
Project("{3509FA56-3B69-4017-88D1-3C70D67D8588}") = "1.9", "1.9\1.9.qdexproj", "{97E2AF6B-E17F-42CA-9415-9797DCAFEAE9}"
EndProject
Project("{3509FA56-3B69-4017-88D1-3C70D67D8588}") = "1.10", "1.10\1.10.qdexproj", "{D80C94A0-F9DE-4103-93CD-0FAD64AB48C1}"
EndProject
Project("{3509FA56-3B69-4017-88D1-3C70D67D8588}") = "1.11", "1.11\1.11.qdexproj", "{8113AA69-296C-4C85-8819-DEC1B650B9A1}"
EndProject
Project("{3509FA56-3B69-4017-88D1-3C70D67D8588}") = "1.12", "1.12\1.12.qdexproj", "{C89B955B-E305-4679-96DF-C412C1196FE7}"
EndProject
Global
	GlobalSection(SolutionConfigurationPlatforms) = preSolution
		Debug|Any CPU = Debug|Any CPU
		Release|Any CPU = Release|Any CPU
	EndGlobalSection
	GlobalSection(ProjectConfigurationPlatforms) = postSolution
		{47CEA3B8-C832-4B78-87C2-67CB96225338}.Debug|Any CPU.ActiveCfg = Debug|Any CPU
		{47CEA3B8-C832-4B78-87C2-67CB96225338}.Debug|Any CPU.Build.0 = Debug|Any CPU
		{47CEA3B8-C832-4B78-87C2-67CB96225338}.Release|Any CPU.ActiveCfg = Release|Any CPU
		{47CEA3B8-C832-4B78-87C2-67CB96225338}.Release|Any CPU.Build.0 = Release|Any CPU
		{9AADEBB7-3ACC-4547-956F-E3D507026D55}.Debug|Any CPU.ActiveCfg = Debug|Any CPU
		{9AADEBB7-3ACC-4547-956F-E3D507026D55}.Debug|Any CPU.Build.0 = Debug|Any CPU
		{9AADEBB7-3ACC-4547-956F-E3D507026D55}.Release|Any CPU.ActiveCfg = Release|Any CPU
		{9AADEBB7-3ACC-4547-956F-E3D507026D55}.Release|Any CPU.Build.0 = Release|Any CPU
		{C787D762-C9EC-4DFB-8DB4-F800A8661AA8}.Debug|Any CPU.ActiveCfg = Debug|Any CPU
		{C787D762-C9EC-4DFB-8DB4-F800A8661AA8}.Debug|Any CPU.Build.0 = Debug|Any CPU
		{C787D762-C9EC-4DFB-8DB4-F800A8661AA8}.Release|Any CPU.ActiveCfg = Release|Any CPU
		{C787D762-C9EC-4DFB-8DB4-F800A8661AA8}.Release|Any CPU.Build.0 = Release|Any CPU
		{265F8402-1D5C-47A8-93DE-A7C26891A25E}.Debug|Any CPU.ActiveCfg = Debug|Any CPU
		{265F8402-1D5C-47A8-93DE-A7C26891A25E}.Debug|Any CPU.Build.0 = Debug|Any CPU
		{265F8402-1D5C-47A8-93DE-A7C26891A25E}.Release|Any CPU.ActiveCfg = Release|Any CPU
		{265F8402-1D5C-47A8-93DE-A7C26891A25E}.Release|Any CPU.Build.0 = Release|Any CPU
		{DF3C173C-CF3F-4802-9ACA-59088C5CAD5A}.Debug|Any CPU.ActiveCfg = Debug|Any CPU
		{DF3C173C-CF3F-4802-9ACA-59088C5CAD5A}.Debug|Any CPU.Build.0 = Debug|Any CPU
		{DF3C173C-CF3F-4802-9ACA-59088C5CAD5A}.Release|Any CPU.ActiveCfg = Release|Any CPU
		{DF3C173C-CF3F-4802-9ACA-59088C5CAD5A}.Release|Any CPU.Build.0 = Release|Any CPU
		{6E8EEEC7-2B29-4E56-8DE0-1E5F2CEE4E6A}.Debug|Any CPU.ActiveCfg = Debug|Any CPU
		{6E8EEEC7-2B29-4E56-8DE0-1E5F2CEE4E6A}.Debug|Any CPU.Build.0 = Debug|Any CPU
		{6E8EEEC7-2B29-4E56-8DE0-1E5F2CEE4E6A}.Release|Any CPU.ActiveCfg = Release|Any CPU
		{6E8EEEC7-2B29-4E56-8DE0-1E5F2CEE4E6A}.Release|Any CPU.Build.0 = Release|Any CPU
		{1BC831E9-450C-4458-861F-4EC1D9D4E25A}.Debug|Any CPU.ActiveCfg = Debug|Any CPU
		{1BC831E9-450C-4458-861F-4EC1D9D4E25A}.Debug|Any CPU.Build.0 = Debug|Any CPU
		{1BC831E9-450C-4458-861F-4EC1D9D4E25A}.Release|Any CPU.ActiveCfg = Release|Any CPU
		{1BC831E9-450C-4458-861F-4EC1D9D4E25A}.Release|Any CPU.Build.0 = Release|Any CPU
		{A3081A25-FA20-4542-8C8C-589047FB4A9B}.Debug|Any CPU.ActiveCfg = Debug|Any CPU
		{A3081A25-FA20-4542-8C8C-589047FB4A9B}.Debug|Any CPU.Build.0 = Debug|Any CPU
		{A3081A25-FA20-4542-8C8C-589047FB4A9B}.Release|Any CPU.ActiveCfg = Release|Any CPU
		{A3081A25-FA20-4542-8C8C-589047FB4A9B}.Release|Any CPU.Build.0 = Release|Any CPU
		{97E2AF6B-E17F-42CA-9415-9797DCAFEAE9}.Debug|Any CPU.ActiveCfg = Debug|Any CPU
		{97E2AF6B-E17F-42CA-9415-9797DCAFEAE9}.Debug|Any CPU.Build.0 = Debug|Any CPU
		{97E2AF6B-E17F-42CA-9415-9797DCAFEAE9}.Release|Any CPU.ActiveCfg = Release|Any CPU
		{97E2AF6B-E17F-42CA-9415-9797DCAFEAE9}.Release|Any CPU.Build.0 = Release|Any CPU
		{D80C94A0-F9DE-4103-93CD-0FAD64AB48C1}.Debug|Any CPU.ActiveCfg = Debug|Any CPU
		{D80C94A0-F9DE-4103-93CD-0FAD64AB48C1}.Debug|Any CPU.Build.0 = Debug|Any CPU
		{D80C94A0-F9DE-4103-93CD-0FAD64AB48C1}.Release|Any CPU.ActiveCfg = Release|Any CPU
		{D80C94A0-F9DE-4103-93CD-0FAD64AB48C1}.Release|Any CPU.Build.0 = Release|Any CPU
		{8113AA69-296C-4C85-8819-DEC1B650B9A1}.Debug|Any CPU.ActiveCfg = Debug|Any CPU
		{8113AA69-296C-4C85-8819-DEC1B650B9A1}.Debug|Any CPU.Build.0 = Debug|Any CPU
		{8113AA69-296C-4C85-8819-DEC1B650B9A1}.Release|Any CPU.ActiveCfg = Release|Any CPU
		{8113AA69-296C-4C85-8819-DEC1B650B9A1}.Release|Any CPU.Build.0 = Release|Any CPU
		{C89B955B-E305-4679-96DF-C412C1196FE7}.Debug|Any CPU.ActiveCfg = Debug|Any CPU
		{C89B955B-E305-4679-96DF-C412C1196FE7}.Debug|Any CPU.Build.0 = Debug|Any CPU
		{C89B955B-E305-4679-96DF-C412C1196FE7}.Release|Any CPU.ActiveCfg = Release|Any CPU
		{C89B955B-E305-4679-96DF-C412C1196FE7}.Release|Any CPU.Build.0 = Release|Any CPU
	EndGlobalSection
	GlobalSection(SolutionProperties) = preSolution
		HideSolutionNode = FALSE
	EndGlobalSection
EndGlobal
