
Microsoft Visual Studio Solution File, Format Version 12.00
# Visual Studio 14
VisualStudioVersion = 14.0.25420.1
MinimumVisualStudioVersion = 10.0.40219.1
Project("{3509FA56-3B69-4017-88D1-3C70D67D8588}") = "limits2.4", "limits2.4\limits2.4.qdexproj", "{AE820544-49F3-4C26-B881-DF922C87A9BB}"
EndProject
Global
	GlobalSection(SolutionConfigurationPlatforms) = preSolution
		Debug|Any CPU = Debug|Any CPU
		Release|Any CPU = Release|Any CPU
	EndGlobalSection
	GlobalSection(ProjectConfigurationPlatforms) = postSolution
		{AE820544-49F3-4C26-B881-DF922C87A9BB}.Debug|Any CPU.ActiveCfg = Debug|Any CPU
		{AE820544-49F3-4C26-B881-DF922C87A9BB}.Debug|Any CPU.Build.0 = Debug|Any CPU
		{AE820544-49F3-4C26-B881-DF922C87A9BB}.Release|Any CPU.ActiveCfg = Release|Any CPU
		{AE820544-49F3-4C26-B881-DF922C87A9BB}.Release|Any CPU.Build.0 = Release|Any CPU
	EndGlobalSection
	GlobalSection(SolutionProperties) = preSolution
		HideSolutionNode = FALSE
	EndGlobalSection
EndGlobal
