
Microsoft Visual Studio Solution File, Format Version 12.00
# Visual Studio 15
VisualStudioVersion = 15.0.26730.16
MinimumVisualStudioVersion = 10.0.40219.1
Project("{3509FA56-3B69-4017-88D1-3C70D67D8588}") = "NUM-1.2-Unit Rate", "NUM-1.2-Unit Rate\NUM-1.2-Unit Rate.qdexproj", "{2783CD57-D537-409A-A6EF-E77FE3A884C9}"
EndProject
Global
	GlobalSection(SolutionConfigurationPlatforms) = preSolution
		Debug|Any CPU = Debug|Any CPU
		Release|Any CPU = Release|Any CPU
	EndGlobalSection
	GlobalSection(ProjectConfigurationPlatforms) = postSolution
		{2783CD57-D537-409A-A6EF-E77FE3A884C9}.Debug|Any CPU.ActiveCfg = Debug|Any CPU
		{2783CD57-D537-409A-A6EF-E77FE3A884C9}.Debug|Any CPU.Build.0 = Debug|Any CPU
		{2783CD57-D537-409A-A6EF-E77FE3A884C9}.Release|Any CPU.ActiveCfg = Release|Any CPU
		{2783CD57-D537-409A-A6EF-E77FE3A884C9}.Release|Any CPU.Build.0 = Release|Any CPU
	EndGlobalSection
	GlobalSection(SolutionProperties) = preSolution
		HideSolutionNode = FALSE
	EndGlobalSection
	GlobalSection(ExtensibilityGlobals) = postSolution
		SolutionGuid = {48B11EA5-DDCB-4A3A-BE6D-610CC8EF0F99}
	EndGlobalSection
EndGlobal
