
Microsoft Visual Studio Solution File, Format Version 12.00
# Visual Studio 15
VisualStudioVersion = 15.0.27130.2024
MinimumVisualStudioVersion = 10.0.40219.1
Project("{3509FA56-3B69-4017-88D1-3C70D67D8588}") = "NUM-6.1-Word Problems with Linrel", "NUM-6.1-Word Problems with Linrel\NUM-6.1-Word Problems with Linrel.qdexproj", "{2C92D61E-44F8-45E1-8E65-72C325EF60C4}"
EndProject
Global
	GlobalSection(SolutionConfigurationPlatforms) = preSolution
		Debug|Any CPU = Debug|Any CPU
		Release|Any CPU = Release|Any CPU
	EndGlobalSection
	GlobalSection(ProjectConfigurationPlatforms) = postSolution
		{2C92D61E-44F8-45E1-8E65-72C325EF60C4}.Debug|Any CPU.ActiveCfg = Debug|Any CPU
		{2C92D61E-44F8-45E1-8E65-72C325EF60C4}.Debug|Any CPU.Build.0 = Debug|Any CPU
		{2C92D61E-44F8-45E1-8E65-72C325EF60C4}.Release|Any CPU.ActiveCfg = Release|Any CPU
		{2C92D61E-44F8-45E1-8E65-72C325EF60C4}.Release|Any CPU.Build.0 = Release|Any CPU
	EndGlobalSection
	GlobalSection(SolutionProperties) = preSolution
		HideSolutionNode = FALSE
	EndGlobalSection
	GlobalSection(ExtensibilityGlobals) = postSolution
		SolutionGuid = {F276A15D-1CE6-4020-9610-76E619308A0B}
	EndGlobalSection
EndGlobal
