
Microsoft Visual Studio Solution File, Format Version 12.00
# Visual Studio 15
VisualStudioVersion = 15.0.26430.12
MinimumVisualStudioVersion = 10.0.40219.1
Project("{3509FA56-3B69-4017-88D1-3C70D67D8588}") = "VelocityandAccelerationin2D", "VelocityandAccelerationin2D\VelocityandAccelerationin2D.qdexproj", "{63577725-5FB2-44EE-A8D9-1AB00FD6B1CA}"
EndProject
Global
	GlobalSection(SolutionConfigurationPlatforms) = preSolution
		Debug|Any CPU = Debug|Any CPU
		Release|Any CPU = Release|Any CPU
	EndGlobalSection
	GlobalSection(ProjectConfigurationPlatforms) = postSolution
		{63577725-5FB2-44EE-A8D9-1AB00FD6B1CA}.Debug|Any CPU.ActiveCfg = Debug|Any CPU
		{63577725-5FB2-44EE-A8D9-1AB00FD6B1CA}.Debug|Any CPU.Build.0 = Debug|Any CPU
		{63577725-5FB2-44EE-A8D9-1AB00FD6B1CA}.Release|Any CPU.ActiveCfg = Release|Any CPU
		{63577725-5FB2-44EE-A8D9-1AB00FD6B1CA}.Release|Any CPU.Build.0 = Release|Any CPU
	EndGlobalSection
	GlobalSection(SolutionProperties) = preSolution
		HideSolutionNode = FALSE
	EndGlobalSection
EndGlobal
