
Microsoft Visual Studio Solution File, Format Version 12.00
# Visual Studio 15
VisualStudioVersion = 15.0.26403.7
MinimumVisualStudioVersion = 10.0.40219.1
Project("{3509FA56-3B69-4017-88D1-3C70D67D8588}") = "GraphingUsingDerivatives", "GraphingUsingDerivatives\GraphingUsingDerivatives.qdexproj", "{FC1E355A-64DC-4260-B7B7-A6A8680E4FD0}"
EndProject
Global
	GlobalSection(SolutionConfigurationPlatforms) = preSolution
		Debug|Any CPU = Debug|Any CPU
		Release|Any CPU = Release|Any CPU
	EndGlobalSection
	GlobalSection(ProjectConfigurationPlatforms) = postSolution
		{FC1E355A-64DC-4260-B7B7-A6A8680E4FD0}.Debug|Any CPU.ActiveCfg = Debug|Any CPU
		{FC1E355A-64DC-4260-B7B7-A6A8680E4FD0}.Debug|Any CPU.Build.0 = Debug|Any CPU
		{FC1E355A-64DC-4260-B7B7-A6A8680E4FD0}.Release|Any CPU.ActiveCfg = Release|Any CPU
		{FC1E355A-64DC-4260-B7B7-A6A8680E4FD0}.Release|Any CPU.Build.0 = Release|Any CPU
	EndGlobalSection
	GlobalSection(SolutionProperties) = preSolution
		HideSolutionNode = FALSE
	EndGlobalSection
EndGlobal
