
Microsoft Visual Studio Solution File, Format Version 12.00
# Visual Studio 14
VisualStudioVersion = 14.0.25420.1
MinimumVisualStudioVersion = 10.0.40219.1
Project("{3509FA56-3B69-4017-88D1-3C70D67D8588}") = "TrigonometricPlotter_Aanand", "TrigonometricPlotter_Aanand\TrigonometricPlotter_Aanand.qdexproj", "{C3AEEE65-4D95-463C-BF4B-1DF37384A70C}"
EndProject
Global
	GlobalSection(SolutionConfigurationPlatforms) = preSolution
		Debug|Any CPU = Debug|Any CPU
		Release|Any CPU = Release|Any CPU
	EndGlobalSection
	GlobalSection(ProjectConfigurationPlatforms) = postSolution
		{C3AEEE65-4D95-463C-BF4B-1DF37384A70C}.Debug|Any CPU.ActiveCfg = Debug|Any CPU
		{C3AEEE65-4D95-463C-BF4B-1DF37384A70C}.Debug|Any CPU.Build.0 = Debug|Any CPU
		{C3AEEE65-4D95-463C-BF4B-1DF37384A70C}.Release|Any CPU.ActiveCfg = Release|Any CPU
		{C3AEEE65-4D95-463C-BF4B-1DF37384A70C}.Release|Any CPU.Build.0 = Release|Any CPU
	EndGlobalSection
	GlobalSection(SolutionProperties) = preSolution
		HideSolutionNode = FALSE
	EndGlobalSection
EndGlobal
